<Solution>
  <Folder Name="/Solution Items/">
    <File Path=".gitignore" />
  </Folder>
  <Project Path="ApartmentsManagement.Ntier/ApartmentsManagement.Ntier.csproj" />
  <Project Path="BusinessLogicLayer/BusinessLogicLayer.csproj" />
  <Project Path="CommonDataLayer/CommonDataLayer.csproj" />
  <Project Path="DataAccessLayer/DataAccessLayer.csproj" />
</Solution>
